<?xml version="1.0" encoding="utf-8"?>
<Project ToolsVersion="4.0" xmlns="http://schemas.microsoft.com/developer/msbuild/2003">
  <ItemGroup>
    <Filter Include="Source Files">
      <UniqueIdentifier>{4FC737F1-C7A5-4376-A066-2A32D752A2FF}</UniqueIdentifier>
      <Extensions>cpp;c;cc;cxx;c++;cppm;ixx;def;odl;idl;hpj;bat;asm;asmx</Extensions>
    </Filter>
    <Filter Include="Header Files">
      <UniqueIdentifier>{93995380-89BD-4b04-88EB-625FBE52EBFB}</UniqueIdentifier>
      <Extensions>h;hh;hpp;hxx;h++;hm;inl;inc;ipp;xsd</Extensions>
    </Filter>
    <Filter Include="Resource Files">
      <UniqueIdentifier>{67DA6AB6-F800-4c08-8B7A-83BB121AAD01}</UniqueIdentifier>
      <Extensions>rc;ico;cur;bmp;dlg;rc2;rct;bin;rgs;gif;jpg;jpeg;jpe;resx;tiff;tif;png;wav;mfcribbon-ms</Extensions>
    </Filter>
    <Filter Include="Source Files\Engine">
      <UniqueIdentifier>{49d2ac34-c579-491d-944e-976309c15296}</UniqueIdentifier>
    </Filter>
    <Filter Include="Header Files\Engine">
      <UniqueIdentifier>{e3f07f82-7b1d-40bb-82fa-6f97f402ea01}</UniqueIdentifier>
    </Filter>
    <Filter Include="Source Files\Game">
      <UniqueIdentifier>{03502b6a-89eb-486b-b30d-e977938e6d69}</UniqueIdentifier>
    </Filter>
    <Filter Include="Header Files\Game">
      <UniqueIdentifier>{4aa47c79-0a21-461f-834d-a04931c106e1}</UniqueIdentifier>
    </Filter>
    <Filter Include="Shaders">
      <UniqueIdentifier>{016df2ee-5465-43ae-b266-cf8b85cfa4f9}</UniqueIdentifier>
    </Filter>
    <Filter Include="Header Files\Engine\Entities">
      <UniqueIdentifier>{b5ea1b44-79fe-461a-8a62-dfe53deeca19}</UniqueIdentifier>
    </Filter>
    <Filter Include="Source Files\Engine\Entities">
      <UniqueIdentifier>{68f598f2-e0b8-43f3-bee1-18db062f79e4}</UniqueIdentifier>
    </Filter>
    <Filter Include="Source Files\Engine\Maths">
      <UniqueIdentifier>{f75509b8-934b-4b6e-98e5-d23ec32e8830}</UniqueIdentifier>
    </Filter>
    <Filter Include="Header Files\Engine\Maths">
      <UniqueIdentifier>{0f13b81e-9f7d-4aab-807d-9861eedaebf0}</UniqueIdentifier>
    </Filter>
    <Filter Include="Source Files\Engine\Input">
      <UniqueIdentifier>{2f07a2d8-50dd-47a3-b0a2-1745948c6387}</UniqueIdentifier>
    </Filter>
    <Filter Include="Header Files\Engine\Input">
      <UniqueIdentifier>{855535de-14ac-487c-bfb8-98657bea7c5f}</UniqueIdentifier>
    </Filter>
  </ItemGroup>
  <ItemGroup>
    <ClCompile Include="Main.cpp">
      <Filter>Source Files</Filter>
    </ClCompile>
    <ClCompile Include="..\..\glad\src\glad.c">
      <Filter>Source Files</Filter>
    </ClCompile>
    <ClCompile Include="GameLoop.cpp">
      <Filter>Source Files\Engine</Filter>
    </ClCompile>
    <ClCompile Include="Shader.cpp">
      <Filter>Source Files\Engine</Filter>
    </ClCompile>
    <ClCompile Include="Textures.cpp">
      <Filter>Source Files\Engine</Filter>
    </ClCompile>
    <ClCompile Include="Window.cpp">
      <Filter>Source Files\Engine</Filter>
    </ClCompile>
    <ClCompile Include="DiamondScene.cpp">
      <Filter>Source Files\Game</Filter>
    </ClCompile>
    <ClCompile Include="Diamond.cpp">
      <Filter>Source Files\Game</Filter>
    </ClCompile>
    <ClCompile Include="GameInput.cpp">
      <Filter>Source Files\Game</Filter>
    </ClCompile>
    <ClCompile Include="Camera.cpp">
      <Filter>Source Files\Engine\Entities</Filter>
    </ClCompile>
    <ClCompile Include="SelfCreatingPolyhedral.cpp">
      <Filter>Source Files\Engine\Entities</Filter>
    </ClCompile>
    <ClCompile Include="Entity3d.cpp">
      <Filter>Source Files\Engine\Entities</Filter>
    </ClCompile>
    <ClCompile Include="Entity.cpp">
      <Filter>Source Files\Engine\Entities</Filter>
    </ClCompile>
    <ClCompile Include="PointLight.cpp">
      <Filter>Source Files\Engine\Entities</Filter>
    </ClCompile>
    <ClCompile Include="Plane.cpp">
      <Filter>Source Files\Engine\Maths</Filter>
    </ClCompile>
    <ClCompile Include="Frustum.cpp">
      <Filter>Source Files\Engine\Maths</Filter>
    </ClCompile>
    <ClCompile Include="BoundingSphere.cpp">
      <Filter>Source Files\Engine\Maths</Filter>
    </ClCompile>
    <ClCompile Include="Sphere3d.cpp">
      <Filter>Source Files\Game</Filter>
    </ClCompile>
    <ClCompile Include="SceneEntity.cpp">
      <Filter>Source Files\Engine\Entities</Filter>
    </ClCompile>
    <ClCompile Include="Tile3d.cpp">
      <Filter>Source Files\Game</Filter>
    </ClCompile>
    <ClCompile Include="ShadowedScene.cpp">
      <Filter>Source Files\Engine</Filter>
    </ClCompile>
    <ClCompile Include="EngineInput.cpp">
      <Filter>Source Files\Engine\Input</Filter>
    </ClCompile>
  </ItemGroup>
  <ItemGroup>
    <ClInclude Include="GameLoop.h">
      <Filter>Header Files\Engine</Filter>
    </ClInclude>
    <ClInclude Include="Shader.h">
      <Filter>Header Files\Engine</Filter>
    </ClInclude>
    <ClInclude Include="Textures.h">
      <Filter>Header Files\Engine</Filter>
    </ClInclude>
    <ClInclude Include="Window.h">
      <Filter>Header Files\Engine</Filter>
    </ClInclude>
    <ClInclude Include="DiamondScene.h">
      <Filter>Header Files\Game</Filter>
    </ClInclude>
    <ClInclude Include="Diamond.h">
      <Filter>Header Files\Game</Filter>
    </ClInclude>
    <ClInclude Include="GameInput.h">
      <Filter>Header Files\Game</Filter>
    </ClInclude>
    <ClInclude Include="Entity.h">
      <Filter>Header Files\Engine\Entities</Filter>
    </ClInclude>
    <ClInclude Include="Entity3d.h">
      <Filter>Header Files\Engine\Entities</Filter>
    </ClInclude>
    <ClInclude Include="SelfCreatingPolyhedral.h">
      <Filter>Header Files\Engine\Entities</Filter>
    </ClInclude>
    <ClInclude Include="Camera.h">
      <Filter>Header Files\Engine\Entities</Filter>
    </ClInclude>
    <ClInclude Include="PointLight.h">
      <Filter>Header Files\Engine\Entities</Filter>
    </ClInclude>
    <ClInclude Include="SceneActions.h">
      <Filter>Header Files\Game</Filter>
    </ClInclude>
    <ClInclude Include="IGameLoop.h">
      <Filter>Header Files\Engine</Filter>
    </ClInclude>
    <ClInclude Include="Plane.h">
      <Filter>Header Files\Engine\Maths</Filter>
    </ClInclude>
    <ClInclude Include="Frustum.h">
      <Filter>Header Files\Engine\Maths</Filter>
    </ClInclude>
    <ClInclude Include="BoundingSphere.h">
      <Filter>Header Files\Engine\Maths</Filter>
    </ClInclude>
    <ClInclude Include="Sphere3d.h">
      <Filter>Header Files\Game</Filter>
    </ClInclude>
    <ClInclude Include="SceneEntity.h">
      <Filter>Header Files\Engine\Entities</Filter>
    </ClInclude>
    <ClInclude Include="Tile3d.h">
      <Filter>Header Files\Game</Filter>
    </ClInclude>
    <ClInclude Include="IScene.h">
      <Filter>Header Files\Engine</Filter>
    </ClInclude>
    <ClInclude Include="ShadowedScene.h">
      <Filter>Header Files\Engine</Filter>
    </ClInclude>
    <ClInclude Include="IGameInput.h">
      <Filter>Header Files\Engine\Input</Filter>
    </ClInclude>
    <ClInclude Include="IEngineInput.h">
      <Filter>Header Files\Engine\Input</Filter>
    </ClInclude>
    <ClInclude Include="EngineInput.h">
      <Filter>Header Files\Engine\Input</Filter>
    </ClInclude>
    <ClInclude Include="IEngineInputIntl.h">
      <Filter>Header Files\Engine\Input</Filter>
    </ClInclude>
  </ItemGroup>
  <ItemGroup>
    <None Include="polyhedral_vert.glsl">
      <Filter>Shaders</Filter>
    </None>
    <None Include="polyhedral_frag.glsl">
      <Filter>Shaders</Filter>
    </None>
    <None Include="polyhedral_shadow_vert.glsl">
      <Filter>Shaders</Filter>
    </None>
    <None Include="polyhedral_shadow_frag.glsl">
      <Filter>Shaders</Filter>
    </None>
    <None Include="depth_display_vert.glsl">
      <Filter>Shaders</Filter>
    </None>
    <None Include="depth_display_frag.glsl">
      <Filter>Shaders</Filter>
    </None>
    <None Include="..\Readme.md" />
  </ItemGroup>
  <ItemGroup>
    <Text Include="steam_appid.txt" />
    <Text Include="light_frag.glsl">
      <Filter>Shaders</Filter>
    </Text>
    <Text Include="light_vert.glsl">
      <Filter>Shaders</Filter>
    </Text>
  </ItemGroup>
</Project>